// !$*UTF8*$!
{
	archiveVersion = 1;
	classes = {
	};
	objectVersion = 56;
	objects = {

/* Begin PBXBuildFile section */
		45328A062B5343B0008548DA /* swiftAppApp.swift in Sources */ = {isa = PBXBuildFile; fileRef = 45328A052B5343B0008548DA /* swiftAppApp.swift */; };
		45328A082B5343B0008548DA /* ContentView.swift in Sources */ = {isa = PBXBuildFile; fileRef = 45328A072B5343B0008548DA /* ContentView.swift */; };
		45328A0A2B5343B1008548DA /* Assets.xcassets in Resources */ = {isa = PBXBuildFile; fileRef = 45328A092B5343B1008548DA /* Assets.xcassets */; };
		45328A0D2B5343B1008548DA /* Preview Assets.xcassets in Resources */ = {isa = PBXBuildFile; fileRef = 45328A0C2B5343B1008548DA /* Preview Assets.xcassets */; };
		45328A172B5343B2008548DA /* swiftAppTests.swift in Sources */ = {isa = PBXBuildFile; fileRef = 45328A162B5343B2008548DA /* swiftAppTests.swift */; };
		45328A212B5343B2008548DA /* swiftAppUITests.swift in Sources */ = {isa = PBXBuildFile; fileRef = 45328A202B5343B2008548DA /* swiftAppUITests.swift */; };
		45328A232B5343B2008548DA /* swiftAppUITestsLaunchTests.swift in Sources */ = {isa = PBXBuildFile; fileRef = 45328A222B5343B2008548DA /* swiftAppUITestsLaunchTests.swift */; };
		45328A302B5344A6008548DA /* SplashScreenView.swift in Sources */ = {isa = PBXBuildFile; fileRef = 45328A2F2B5344A6008548DA /* SplashScreenView.swift */; };
		45328A3C2B535624008548DA /* ExploreView.swift in Sources */ = {isa = PBXBuildFile; fileRef = 45328A3B2B535624008548DA /* ExploreView.swift */; };
		45328A3F2B535766008548DA /* ListingView.swift in Sources */ = {isa = PBXBuildFile; fileRef = 45328A3E2B535766008548DA /* ListingView.swift */; };
		45328A412B535D2C008548DA /* SearchAndFilterBar.swift in Sources */ = {isa = PBXBuildFile; fileRef = 45328A402B535D2C008548DA /* SearchAndFilterBar.swift */; };
		45328A432B536159008548DA /* ListingDetailView.swift in Sources */ = {isa = PBXBuildFile; fileRef = 45328A422B536159008548DA /* ListingDetailView.swift */; };
		45328A462B5361C8008548DA /* ListingImageCarouselView.swift in Sources */ = {isa = PBXBuildFile; fileRef = 45328A452B5361C8008548DA /* ListingImageCarouselView.swift */; };
		45328A482B542AFE008548DA /* SearchView.swift in Sources */ = {isa = PBXBuildFile; fileRef = 45328A472B542AFE008548DA /* SearchView.swift */; };
		45328A4A2B545B27008548DA /* ProfileView.swift in Sources */ = {isa = PBXBuildFile; fileRef = 45328A492B545B27008548DA /* ProfileView.swift */; };
		45328A4C2B545D36008548DA /* MainTabView.swift in Sources */ = {isa = PBXBuildFile; fileRef = 45328A4B2B545D36008548DA /* MainTabView.swift */; };
		45328A4E2B545D69008548DA /* FavoritesView.swift in Sources */ = {isa = PBXBuildFile; fileRef = 45328A4D2B545D69008548DA /* FavoritesView.swift */; };
		459478882B602C5A00CA2160 /* WorkflowManager.swift in Sources */ = {isa = PBXBuildFile; fileRef = 459478872B602C5A00CA2160 /* WorkflowManager.swift */; };
		4594788B2B602ED000CA2160 /* WorkflowManagerView.swift in Sources */ = {isa = PBXBuildFile; fileRef = 4594788A2B602ED000CA2160 /* WorkflowManagerView.swift */; };
		4594788D2B60302F00CA2160 /* WorkflowView.swift in Sources */ = {isa = PBXBuildFile; fileRef = 4594788C2B60302F00CA2160 /* WorkflowView.swift */; };
		45A10ADD2B6040EC002C41E7 /* UpdateWorkflow.swift in Sources */ = {isa = PBXBuildFile; fileRef = 45A10ADC2B6040EC002C41E7 /* UpdateWorkflow.swift */; };
		45A92E2F2B56CE15009F8375 /* SelectSideView.swift in Sources */ = {isa = PBXBuildFile; fileRef = 45A92E2E2B56CE15009F8375 /* SelectSideView.swift */; };
		45A92E312B56CEBC009F8375 /* ChosenSideView.swift in Sources */ = {isa = PBXBuildFile; fileRef = 45A92E302B56CEBC009F8375 /* ChosenSideView.swift */; };
		45A92E3A2B571389009F8375 /* Course.swift in Sources */ = {isa = PBXBuildFile; fileRef = 45A92E392B571389009F8375 /* Course.swift */; };
		45A92E3C2B571868009F8375 /* DeveloperPreview.swift in Sources */ = {isa = PBXBuildFile; fileRef = 45A92E3B2B571868009F8375 /* DeveloperPreview.swift */; };
		45A92E412B571D06009F8375 /* ExploreViewModel.swift in Sources */ = {isa = PBXBuildFile; fileRef = 45A92E402B571D06009F8375 /* ExploreViewModel.swift */; };
		45A92E432B571D4E009F8375 /* ExploreCourse.swift in Sources */ = {isa = PBXBuildFile; fileRef = 45A92E422B571D4E009F8375 /* ExploreCourse.swift */; };
		45D08D792B55D0F700EA63B1 /* Author.swift in Sources */ = {isa = PBXBuildFile; fileRef = 45D08D782B55D0F700EA63B1 /* Author.swift */; };
		45D08D7C2B55D4A500EA63B1 /* HeaderView.swift in Sources */ = {isa = PBXBuildFile; fileRef = 45D08D7B2B55D4A500EA63B1 /* HeaderView.swift */; };
		45D08D7E2B55D83C00EA63B1 /* SkillsView.swift in Sources */ = {isa = PBXBuildFile; fileRef = 45D08D7D2B55D83C00EA63B1 /* SkillsView.swift */; };
		45D08D802B55DF7200EA63B1 /* SkillsCollapse.swift in Sources */ = {isa = PBXBuildFile; fileRef = 45D08D7F2B55DF7200EA63B1 /* SkillsCollapse.swift */; };
		45D08D822B55F17C00EA63B1 /* ExperienceView.swift in Sources */ = {isa = PBXBuildFile; fileRef = 45D08D812B55F17C00EA63B1 /* ExperienceView.swift */; };
		45D08D842B55F46400EA63B1 /* ExperiencesView.swift in Sources */ = {isa = PBXBuildFile; fileRef = 45D08D832B55F46400EA63B1 /* ExperiencesView.swift */; };
/* End PBXBuildFile section */

/* Begin PBXContainerItemProxy section */
		45328A132B5343B2008548DA /* PBXContainerItemProxy */ = {
			isa = PBXContainerItemProxy;
			containerPortal = 453289FA2B5343B0008548DA /* Project object */;
			proxyType = 1;
			remoteGlobalIDString = 45328A012B5343B0008548DA;
			remoteInfo = swiftApp;
		};
		45328A1D2B5343B2008548DA /* PBXContainerItemProxy */ = {
			isa = PBXContainerItemProxy;
			containerPortal = 453289FA2B5343B0008548DA /* Project object */;
			proxyType = 1;
			remoteGlobalIDString = 45328A012B5343B0008548DA;
			remoteInfo = swiftApp;
		};
/* End PBXContainerItemProxy section */

/* Begin PBXFileReference section */
		45328A022B5343B0008548DA /* swiftApp.app */ = {isa = PBXFileReference; explicitFileType = wrapper.application; includeInIndex = 0; path = swiftApp.app; sourceTree = BUILT_PRODUCTS_DIR; };
		45328A052B5343B0008548DA /* swiftAppApp.swift */ = {isa = PBXFileReference; lastKnownFileType = sourcecode.swift; path = swiftAppApp.swift; sourceTree = "<group>"; };
		45328A072B5343B0008548DA /* ContentView.swift */ = {isa = PBXFileReference; lastKnownFileType = sourcecode.swift; path = ContentView.swift; sourceTree = "<group>"; };
		45328A092B5343B1008548DA /* Assets.xcassets */ = {isa = PBXFileReference; lastKnownFileType = folder.assetcatalog; path = Assets.xcassets; sourceTree = "<group>"; };
		45328A0C2B5343B1008548DA /* Preview Assets.xcassets */ = {isa = PBXFileReference; lastKnownFileType = folder.assetcatalog; path = "Preview Assets.xcassets"; sourceTree = "<group>"; };
		45328A122B5343B2008548DA /* swiftAppTests.xctest */ = {isa = PBXFileReference; explicitFileType = wrapper.cfbundle; includeInIndex = 0; path = swiftAppTests.xctest; sourceTree = BUILT_PRODUCTS_DIR; };
		45328A162B5343B2008548DA /* swiftAppTests.swift */ = {isa = PBXFileReference; lastKnownFileType = sourcecode.swift; path = swiftAppTests.swift; sourceTree = "<group>"; };
		45328A1C2B5343B2008548DA /* swiftAppUITests.xctest */ = {isa = PBXFileReference; explicitFileType = wrapper.cfbundle; includeInIndex = 0; path = swiftAppUITests.xctest; sourceTree = BUILT_PRODUCTS_DIR; };
		45328A202B5343B2008548DA /* swiftAppUITests.swift */ = {isa = PBXFileReference; lastKnownFileType = sourcecode.swift; path = swiftAppUITests.swift; sourceTree = "<group>"; };
		45328A222B5343B2008548DA /* swiftAppUITestsLaunchTests.swift */ = {isa = PBXFileReference; lastKnownFileType = sourcecode.swift; path = swiftAppUITestsLaunchTests.swift; sourceTree = "<group>"; };
		45328A2F2B5344A6008548DA /* SplashScreenView.swift */ = {isa = PBXFileReference; lastKnownFileType = sourcecode.swift; path = SplashScreenView.swift; sourceTree = "<group>"; };
		45328A3B2B535624008548DA /* ExploreView.swift */ = {isa = PBXFileReference; lastKnownFileType = sourcecode.swift; path = ExploreView.swift; sourceTree = "<group>"; };
		45328A3E2B535766008548DA /* ListingView.swift */ = {isa = PBXFileReference; lastKnownFileType = sourcecode.swift; path = ListingView.swift; sourceTree = "<group>"; };
		45328A402B535D2C008548DA /* SearchAndFilterBar.swift */ = {isa = PBXFileReference; lastKnownFileType = sourcecode.swift; path = SearchAndFilterBar.swift; sourceTree = "<group>"; };
		45328A422B536159008548DA /* ListingDetailView.swift */ = {isa = PBXFileReference; lastKnownFileType = sourcecode.swift; path = ListingDetailView.swift; sourceTree = "<group>"; };
		45328A452B5361C8008548DA /* ListingImageCarouselView.swift */ = {isa = PBXFileReference; lastKnownFileType = sourcecode.swift; path = ListingImageCarouselView.swift; sourceTree = "<group>"; };
		45328A472B542AFE008548DA /* SearchView.swift */ = {isa = PBXFileReference; lastKnownFileType = sourcecode.swift; path = SearchView.swift; sourceTree = "<group>"; };
		45328A492B545B27008548DA /* ProfileView.swift */ = {isa = PBXFileReference; lastKnownFileType = sourcecode.swift; path = ProfileView.swift; sourceTree = "<group>"; };
		45328A4B2B545D36008548DA /* MainTabView.swift */ = {isa = PBXFileReference; lastKnownFileType = sourcecode.swift; path = MainTabView.swift; sourceTree = "<group>"; };
		45328A4D2B545D69008548DA /* FavoritesView.swift */ = {isa = PBXFileReference; lastKnownFileType = sourcecode.swift; path = FavoritesView.swift; sourceTree = "<group>"; };
		459478872B602C5A00CA2160 /* WorkflowManager.swift */ = {isa = PBXFileReference; lastKnownFileType = sourcecode.swift; path = WorkflowManager.swift; sourceTree = "<group>"; };
		4594788A2B602ED000CA2160 /* WorkflowManagerView.swift */ = {isa = PBXFileReference; lastKnownFileType = sourcecode.swift; path = WorkflowManagerView.swift; sourceTree = "<group>"; };
		4594788C2B60302F00CA2160 /* WorkflowView.swift */ = {isa = PBXFileReference; lastKnownFileType = sourcecode.swift; path = WorkflowView.swift; sourceTree = "<group>"; };
		45A10ADC2B6040EC002C41E7 /* UpdateWorkflow.swift */ = {isa = PBXFileReference; lastKnownFileType = sourcecode.swift; path = UpdateWorkflow.swift; sourceTree = "<group>"; };
		45A92E2E2B56CE15009F8375 /* SelectSideView.swift */ = {isa = PBXFileReference; lastKnownFileType = sourcecode.swift; path = SelectSideView.swift; sourceTree = "<group>"; };
		45A92E302B56CEBC009F8375 /* ChosenSideView.swift */ = {isa = PBXFileReference; lastKnownFileType = sourcecode.swift; path = ChosenSideView.swift; sourceTree = "<group>"; };
		45A92E392B571389009F8375 /* Course.swift */ = {isa = PBXFileReference; lastKnownFileType = sourcecode.swift; path = Course.swift; sourceTree = "<group>"; };
		45A92E3B2B571868009F8375 /* DeveloperPreview.swift */ = {isa = PBXFileReference; lastKnownFileType = sourcecode.swift; path = DeveloperPreview.swift; sourceTree = "<group>"; };
		45A92E402B571D06009F8375 /* ExploreViewModel.swift */ = {isa = PBXFileReference; lastKnownFileType = sourcecode.swift; path = ExploreViewModel.swift; sourceTree = "<group>"; };
		45A92E422B571D4E009F8375 /* ExploreCourse.swift */ = {isa = PBXFileReference; lastKnownFileType = sourcecode.swift; path = ExploreCourse.swift; sourceTree = "<group>"; };
		45D08D782B55D0F700EA63B1 /* Author.swift */ = {isa = PBXFileReference; lastKnownFileType = sourcecode.swift; path = Author.swift; sourceTree = "<group>"; };
		45D08D7B2B55D4A500EA63B1 /* HeaderView.swift */ = {isa = PBXFileReference; lastKnownFileType = sourcecode.swift; path = HeaderView.swift; sourceTree = "<group>"; };
		45D08D7D2B55D83C00EA63B1 /* SkillsView.swift */ = {isa = PBXFileReference; lastKnownFileType = sourcecode.swift; path = SkillsView.swift; sourceTree = "<group>"; };
		45D08D7F2B55DF7200EA63B1 /* SkillsCollapse.swift */ = {isa = PBXFileReference; lastKnownFileType = sourcecode.swift; path = SkillsCollapse.swift; sourceTree = "<group>"; };
		45D08D812B55F17C00EA63B1 /* ExperienceView.swift */ = {isa = PBXFileReference; lastKnownFileType = sourcecode.swift; path = ExperienceView.swift; sourceTree = "<group>"; };
		45D08D832B55F46400EA63B1 /* ExperiencesView.swift */ = {isa = PBXFileReference; lastKnownFileType = sourcecode.swift; path = ExperiencesView.swift; sourceTree = "<group>"; };
/* End PBXFileReference section */

/* Begin PBXFrameworksBuildPhase section */
		453289FF2B5343B0008548DA /* Frameworks */ = {
			isa = PBXFrameworksBuildPhase;
			buildActionMask = 2147483647;
			files = (
			);
			runOnlyForDeploymentPostprocessing = 0;
		};
		45328A0F2B5343B2008548DA /* Frameworks */ = {
			isa = PBXFrameworksBuildPhase;
			buildActionMask = 2147483647;
			files = (
			);
			runOnlyForDeploymentPostprocessing = 0;
		};
		45328A192B5343B2008548DA /* Frameworks */ = {
			isa = PBXFrameworksBuildPhase;
			buildActionMask = 2147483647;
			files = (
			);
			runOnlyForDeploymentPostprocessing = 0;
		};
/* End PBXFrameworksBuildPhase section */

/* Begin PBXGroup section */
		453289F92B5343B0008548DA = {
			isa = PBXGroup;
			children = (
				45328A042B5343B0008548DA /* swiftApp */,
				45328A152B5343B2008548DA /* swiftAppTests */,
				45328A1F2B5343B2008548DA /* swiftAppUITests */,
				45328A032B5343B0008548DA /* Products */,
			);
			sourceTree = "<group>";
		};
		45328A032B5343B0008548DA /* Products */ = {
			isa = PBXGroup;
			children = (
				45328A022B5343B0008548DA /* swiftApp.app */,
				45328A122B5343B2008548DA /* swiftAppTests.xctest */,
				45328A1C2B5343B2008548DA /* swiftAppUITests.xctest */,
			);
			name = Products;
			sourceTree = "<group>";
		};
		45328A042B5343B0008548DA /* swiftApp */ = {
			isa = PBXGroup;
			children = (
				45328A312B5354F9008548DA /* App */,
				45328A322B535536008548DA /* Core */,
				45328A332B535548008548DA /* Extensions */,
				45328A342B53554F008548DA /* Models */,
				45328A352B535557008548DA /* Utils */,
				45328A072B5343B0008548DA /* ContentView.swift */,
				45328A092B5343B1008548DA /* Assets.xcassets */,
				45328A0B2B5343B1008548DA /* Preview Content */,
			);
			path = swiftApp;
			sourceTree = "<group>";
		};
		45328A0B2B5343B1008548DA /* Preview Content */ = {
			isa = PBXGroup;
			children = (
				45328A0C2B5343B1008548DA /* Preview Assets.xcassets */,
			);
			path = "Preview Content";
			sourceTree = "<group>";
		};
		45328A152B5343B2008548DA /* swiftAppTests */ = {
			isa = PBXGroup;
			children = (
				45328A162B5343B2008548DA /* swiftAppTests.swift */,
			);
			path = swiftAppTests;
			sourceTree = "<group>";
		};
		45328A1F2B5343B2008548DA /* swiftAppUITests */ = {
			isa = PBXGroup;
			children = (
				45328A202B5343B2008548DA /* swiftAppUITests.swift */,
				45328A222B5343B2008548DA /* swiftAppUITestsLaunchTests.swift */,
			);
			path = swiftAppUITests;
			sourceTree = "<group>";
		};
		45328A312B5354F9008548DA /* App */ = {
			isa = PBXGroup;
			children = (
				45328A052B5343B0008548DA /* swiftAppApp.swift */,
			);
			path = App;
			sourceTree = "<group>";
		};
		45328A322B535536008548DA /* Core */ = {
			isa = PBXGroup;
			children = (
				45A92E322B570F84009F8375 /* Search */,
				45328A442B5361AB008548DA /* Components */,
				45328A3A2B535614008548DA /* Explore */,
				45328A372B5355C1008548DA /* Favorites */,
				45328A3D2B535743008548DA /* Listings */,
				45328A392B5355F9008548DA /* Loading */,
				45328A362B5355A6008548DA /* Profile */,
				45328A382B5355C9008548DA /* TabBar */,
				459478892B602E8200CA2160 /* WorkflowManager */,
			);
			path = Core;
			sourceTree = "<group>";
		};
		45328A332B535548008548DA /* Extensions */ = {
			isa = PBXGroup;
			children = (
				45A92E3B2B571868009F8375 /* DeveloperPreview.swift */,
			);
			path = Extensions;
			sourceTree = "<group>";
		};
		45328A342B53554F008548DA /* Models */ = {
			isa = PBXGroup;
			children = (
			);
			path = Models;
			sourceTree = "<group>";
		};
		45328A352B535557008548DA /* Utils */ = {
			isa = PBXGroup;
			children = (
			);
			path = Utils;
			sourceTree = "<group>";
		};
		45328A362B5355A6008548DA /* Profile */ = {
			isa = PBXGroup;
			children = (
				45328A492B545B27008548DA /* ProfileView.swift */,
				45D08D782B55D0F700EA63B1 /* Author.swift */,
				45D08D7A2B55D48500EA63B1 /* SupportViews */,
			);
			path = Profile;
			sourceTree = "<group>";
		};
		45328A372B5355C1008548DA /* Favorites */ = {
			isa = PBXGroup;
			children = (
				45328A4D2B545D69008548DA /* FavoritesView.swift */,
			);
			path = Favorites;
			sourceTree = "<group>";
		};
		45328A382B5355C9008548DA /* TabBar */ = {
			isa = PBXGroup;
			children = (
				45328A4B2B545D36008548DA /* MainTabView.swift */,
			);
			path = TabBar;
			sourceTree = "<group>";
		};
		45328A392B5355F9008548DA /* Loading */ = {
			isa = PBXGroup;
			children = (
				45328A2F2B5344A6008548DA /* SplashScreenView.swift */,
			);
			path = Loading;
			sourceTree = "<group>";
		};
		45328A3A2B535614008548DA /* Explore */ = {
			isa = PBXGroup;
			children = (
				45A92E3D2B571CCE009F8375 /* Course */,
				45A92E3E2B571CD6009F8375 /* View */,
				45A92E3F2B571CDE009F8375 /* ViewModel */,
			);
			path = Explore;
			sourceTree = "<group>";
		};
		45328A3D2B535743008548DA /* Listings */ = {
			isa = PBXGroup;
			children = (
				45A92E372B57135F009F8375 /* Model */,
				45A92E382B57136C009F8375 /* View */,
			);
			path = Listings;
			sourceTree = "<group>";
		};
		45328A442B5361AB008548DA /* Components */ = {
			isa = PBXGroup;
			children = (
				45328A452B5361C8008548DA /* ListingImageCarouselView.swift */,
			);
			path = Components;
			sourceTree = "<group>";
		};
		459478892B602E8200CA2160 /* WorkflowManager */ = {
			isa = PBXGroup;
			children = (
				459478872B602C5A00CA2160 /* WorkflowManager.swift */,
				4594788A2B602ED000CA2160 /* WorkflowManagerView.swift */,
				4594788C2B60302F00CA2160 /* WorkflowView.swift */,
				45A10ADC2B6040EC002C41E7 /* UpdateWorkflow.swift */,
			);
			path = WorkflowManager;
			sourceTree = "<group>";
		};
		45A92E322B570F84009F8375 /* Search */ = {
			isa = PBXGroup;
			children = (
			);
			path = Search;
			sourceTree = "<group>";
		};
		45A92E372B57135F009F8375 /* Model */ = {
			isa = PBXGroup;
			children = (
				45A92E392B571389009F8375 /* Course.swift */,
			);
			path = Model;
			sourceTree = "<group>";
		};
		45A92E382B57136C009F8375 /* View */ = {
			isa = PBXGroup;
			children = (
				45328A3E2B535766008548DA /* ListingView.swift */,
				45328A422B536159008548DA /* ListingDetailView.swift */,
				45A92E2E2B56CE15009F8375 /* SelectSideView.swift */,
				45A92E302B56CEBC009F8375 /* ChosenSideView.swift */,
			);
			path = View;
			sourceTree = "<group>";
		};
		45A92E3D2B571CCE009F8375 /* Course */ = {
			isa = PBXGroup;
			children = (
				45A92E422B571D4E009F8375 /* ExploreCourse.swift */,
			);
			path = Course;
			sourceTree = "<group>";
		};
		45A92E3E2B571CD6009F8375 /* View */ = {
			isa = PBXGroup;
			children = (
				45328A3B2B535624008548DA /* ExploreView.swift */,
				45328A402B535D2C008548DA /* SearchAndFilterBar.swift */,
				45328A472B542AFE008548DA /* SearchView.swift */,
			);
			path = View;
			sourceTree = "<group>";
		};
		45A92E3F2B571CDE009F8375 /* ViewModel */ = {
			isa = PBXGroup;
			children = (
				45A92E402B571D06009F8375 /* ExploreViewModel.swift */,
			);
			path = ViewModel;
			sourceTree = "<group>";
		};
		45D08D7A2B55D48500EA63B1 /* SupportViews */ = {
			isa = PBXGroup;
			children = (
				45D08D7B2B55D4A500EA63B1 /* HeaderView.swift */,
				45D08D7D2B55D83C00EA63B1 /* SkillsView.swift */,
				45D08D7F2B55DF7200EA63B1 /* SkillsCollapse.swift */,
				45D08D812B55F17C00EA63B1 /* ExperienceView.swift */,
				45D08D832B55F46400EA63B1 /* ExperiencesView.swift */,
			);
			path = SupportViews;
			sourceTree = "<group>";
		};
/* End PBXGroup section */

/* Begin PBXNativeTarget section */
		45328A012B5343B0008548DA /* swiftApp */ = {
			isa = PBXNativeTarget;
			buildConfigurationList = 45328A262B5343B2008548DA /* Build configuration list for PBXNativeTarget "swiftApp" */;
			buildPhases = (
				453289FE2B5343B0008548DA /* Sources */,
				453289FF2B5343B0008548DA /* Frameworks */,
				45328A002B5343B0008548DA /* Resources */,
			);
			buildRules = (
			);
			dependencies = (
			);
			name = swiftApp;
			productName = swiftApp;
			productReference = 45328A022B5343B0008548DA /* swiftApp.app */;
			productType = "com.apple.product-type.application";
		};
		45328A112B5343B2008548DA /* swiftAppTests */ = {
			isa = PBXNativeTarget;
			buildConfigurationList = 45328A292B5343B2008548DA /* Build configuration list for PBXNativeTarget "swiftAppTests" */;
			buildPhases = (
				45328A0E2B5343B2008548DA /* Sources */,
				45328A0F2B5343B2008548DA /* Frameworks */,
				45328A102B5343B2008548DA /* Resources */,
			);
			buildRules = (
			);
			dependencies = (
				45328A142B5343B2008548DA /* PBXTargetDependency */,
			);
			name = swiftAppTests;
			productName = swiftAppTests;
			productReference = 45328A122B5343B2008548DA /* swiftAppTests.xctest */;
			productType = "com.apple.product-type.bundle.unit-test";
		};
		45328A1B2B5343B2008548DA /* swiftAppUITests */ = {
			isa = PBXNativeTarget;
			buildConfigurationList = 45328A2C2B5343B2008548DA /* Build configuration list for PBXNativeTarget "swiftAppUITests" */;
			buildPhases = (
				45328A182B5343B2008548DA /* Sources */,
				45328A192B5343B2008548DA /* Frameworks */,
				45328A1A2B5343B2008548DA /* Resources */,
			);
			buildRules = (
			);
			dependencies = (
				45328A1E2B5343B2008548DA /* PBXTargetDependency */,
			);
			name = swiftAppUITests;
			productName = swiftAppUITests;
			productReference = 45328A1C2B5343B2008548DA /* swiftAppUITests.xctest */;
			productType = "com.apple.product-type.bundle.ui-testing";
		};
/* End PBXNativeTarget section */

/* Begin PBXProject section */
		453289FA2B5343B0008548DA /* Project object */ = {
			isa = PBXProject;
			attributes = {
				BuildIndependentTargetsInParallel = 1;
				LastSwiftUpdateCheck = 1500;
				LastUpgradeCheck = 1500;
				TargetAttributes = {
					45328A012B5343B0008548DA = {
						CreatedOnToolsVersion = 15.0;
					};
					45328A112B5343B2008548DA = {
						CreatedOnToolsVersion = 15.0;
						TestTargetID = 45328A012B5343B0008548DA;
					};
					45328A1B2B5343B2008548DA = {
						CreatedOnToolsVersion = 15.0;
						TestTargetID = 45328A012B5343B0008548DA;
					};
				};
			};
			buildConfigurationList = 453289FD2B5343B0008548DA /* Build configuration list for PBXProject "swiftApp" */;
			compatibilityVersion = "Xcode 14.0";
			developmentRegion = en;
			hasScannedForEncodings = 0;
			knownRegions = (
				en,
				Base,
			);
			mainGroup = 453289F92B5343B0008548DA;
			productRefGroup = 45328A032B5343B0008548DA /* Products */;
			projectDirPath = "";
			projectRoot = "";
			targets = (
				45328A012B5343B0008548DA /* swiftApp */,
				45328A112B5343B2008548DA /* swiftAppTests */,
				45328A1B2B5343B2008548DA /* swiftAppUITests */,
			);
		};
/* End PBXProject section */

/* Begin PBXResourcesBuildPhase section */
		45328A002B5343B0008548DA /* Resources */ = {
			isa = PBXResourcesBuildPhase;
			buildActionMask = 2147483647;
			files = (
				45328A0D2B5343B1008548DA /* Preview Assets.xcassets in Resources */,
				45328A0A2B5343B1008548DA /* Assets.xcassets in Resources */,
			);
			runOnlyForDeploymentPostprocessing = 0;
		};
		45328A102B5343B2008548DA /* Resources */ = {
			isa = PBXResourcesBuildPhase;
			buildActionMask = 2147483647;
			files = (
			);
			runOnlyForDeploymentPostprocessing = 0;
		};
		45328A1A2B5343B2008548DA /* Resources */ = {
			isa = PBXResourcesBuildPhase;
			buildActionMask = 2147483647;
			files = (
			);
			runOnlyForDeploymentPostprocessing = 0;
		};
/* End PBXResourcesBuildPhase section */

/* Begin PBXSourcesBuildPhase section */
		453289FE2B5343B0008548DA /* Sources */ = {
			isa = PBXSourcesBuildPhase;
			buildActionMask = 2147483647;
			files = (
				45A92E2F2B56CE15009F8375 /* SelectSideView.swift in Sources */,
				45328A432B536159008548DA /* ListingDetailView.swift in Sources */,
				45328A482B542AFE008548DA /* SearchView.swift in Sources */,
				45328A4A2B545B27008548DA /* ProfileView.swift in Sources */,
				45328A082B5343B0008548DA /* ContentView.swift in Sources */,
				45A10ADD2B6040EC002C41E7 /* UpdateWorkflow.swift in Sources */,
				45D08D842B55F46400EA63B1 /* ExperiencesView.swift in Sources */,
				45D08D802B55DF7200EA63B1 /* SkillsCollapse.swift in Sources */,
				45328A412B535D2C008548DA /* SearchAndFilterBar.swift in Sources */,
				45328A4C2B545D36008548DA /* MainTabView.swift in Sources */,
				45D08D7E2B55D83C00EA63B1 /* SkillsView.swift in Sources */,
				4594788D2B60302F00CA2160 /* WorkflowView.swift in Sources */,
				45328A3F2B535766008548DA /* ListingView.swift in Sources */,
				4594788B2B602ED000CA2160 /* WorkflowManagerView.swift in Sources */,
				45328A062B5343B0008548DA /* swiftAppApp.swift in Sources */,
				45D08D822B55F17C00EA63B1 /* ExperienceView.swift in Sources */,
				45328A4E2B545D69008548DA /* FavoritesView.swift in Sources */,
				45A92E432B571D4E009F8375 /* ExploreCourse.swift in Sources */,
				45D08D792B55D0F700EA63B1 /* Author.swift in Sources */,
				45A92E3C2B571868009F8375 /* DeveloperPreview.swift in Sources */,
				459478882B602C5A00CA2160 /* WorkflowManager.swift in Sources */,
				45A92E3A2B571389009F8375 /* Course.swift in Sources */,
				45A92E312B56CEBC009F8375 /* ChosenSideView.swift in Sources */,
				45A92E412B571D06009F8375 /* ExploreViewModel.swift in Sources */,
				45328A3C2B535624008548DA /* ExploreView.swift in Sources */,
				45328A302B5344A6008548DA /* SplashScreenView.swift in Sources */,
				45328A462B5361C8008548DA /* ListingImageCarouselView.swift in Sources */,
				45D08D7C2B55D4A500EA63B1 /* HeaderView.swift in Sources */,
			);
			runOnlyForDeploymentPostprocessing = 0;
		};
		45328A0E2B5343B2008548DA /* Sources */ = {
			isa = PBXSourcesBuildPhase;
			buildActionMask = 2147483647;
			files = (
				45328A172B5343B2008548DA /* swiftAppTests.swift in Sources */,
			);
			runOnlyForDeploymentPostprocessing = 0;
		};
		45328A182B5343B2008548DA /* Sources */ = {
			isa = PBXSourcesBuildPhase;
			buildActionMask = 2147483647;
			files = (
				45328A232B5343B2008548DA /* swiftAppUITestsLaunchTests.swift in Sources */,
				45328A212B5343B2008548DA /* swiftAppUITests.swift in Sources */,
			);
			runOnlyForDeploymentPostprocessing = 0;
		};
/* End PBXSourcesBuildPhase section */

/* Begin PBXTargetDependency section */
		45328A142B5343B2008548DA /* PBXTargetDependency */ = {
			isa = PBXTargetDependency;
			target = 45328A012B5343B0008548DA /* swiftApp */;
			targetProxy = 45328A132B5343B2008548DA /* PBXContainerItemProxy */;
		};
		45328A1E2B5343B2008548DA /* PBXTargetDependency */ = {
			isa = PBXTargetDependency;
			target = 45328A012B5343B0008548DA /* swiftApp */;
			targetProxy = 45328A1D2B5343B2008548DA /* PBXContainerItemProxy */;
		};
/* End PBXTargetDependency section */

/* Begin XCBuildConfiguration section */
		45328A242B5343B2008548DA /* Debug */ = {
			isa = XCBuildConfiguration;
			buildSettings = {
				ALWAYS_SEARCH_USER_PATHS = NO;
				ASSETCATALOG_COMPILER_GENERATE_SWIFT_ASSET_SYMBOL_EXTENSIONS = YES;
				CLANG_ANALYZER_NONNULL = YES;
				CLANG_ANALYZER_NUMBER_OBJECT_CONVERSION = YES_AGGRESSIVE;
				CLANG_CXX_LANGUAGE_STANDARD = "gnu++20";
				CLANG_ENABLE_MODULES = YES;
				CLANG_ENABLE_OBJC_ARC = YES;
				CLANG_ENABLE_OBJC_WEAK = YES;
				CLANG_WARN_BLOCK_CAPTURE_AUTORELEASING = YES;
				CLANG_WARN_BOOL_CONVERSION = YES;
				CLANG_WARN_COMMA = YES;
				CLANG_WARN_CONSTANT_CONVERSION = YES;
				CLANG_WARN_DEPRECATED_OBJC_IMPLEMENTATIONS = YES;
				CLANG_WARN_DIRECT_OBJC_ISA_USAGE = YES_ERROR;
				CLANG_WARN_DOCUMENTATION_COMMENTS = YES;
				CLANG_WARN_EMPTY_BODY = YES;
				CLANG_WARN_ENUM_CONVERSION = YES;
				CLANG_WARN_INFINITE_RECURSION = YES;
				CLANG_WARN_INT_CONVERSION = YES;
				CLANG_WARN_NON_LITERAL_NULL_CONVERSION = YES;
				CLANG_WARN_OBJC_IMPLICIT_RETAIN_SELF = YES;
				CLANG_WARN_OBJC_LITERAL_CONVERSION = YES;
				CLANG_WARN_OBJC_ROOT_CLASS = YES_ERROR;
				CLANG_WARN_QUOTED_INCLUDE_IN_FRAMEWORK_HEADER = YES;
				CLANG_WARN_RANGE_LOOP_ANALYSIS = YES;
				CLANG_WARN_STRICT_PROTOTYPES = YES;
				CLANG_WARN_SUSPICIOUS_MOVE = YES;
				CLANG_WARN_UNGUARDED_AVAILABILITY = YES_AGGRESSIVE;
				CLANG_WARN_UNREACHABLE_CODE = YES;
				CLANG_WARN__DUPLICATE_METHOD_MATCH = YES;
				COPY_PHASE_STRIP = NO;
				DEBUG_INFORMATION_FORMAT = dwarf;
				ENABLE_STRICT_OBJC_MSGSEND = YES;
				ENABLE_TESTABILITY = YES;
				ENABLE_USER_SCRIPT_SANDBOXING = YES;
				GCC_C_LANGUAGE_STANDARD = gnu17;
				GCC_DYNAMIC_NO_PIC = NO;
				GCC_NO_COMMON_BLOCKS = YES;
				GCC_OPTIMIZATION_LEVEL = 0;
				GCC_PREPROCESSOR_DEFINITIONS = (
					"DEBUG=1",
					"$(inherited)",
				);
				GCC_WARN_64_TO_32_BIT_CONVERSION = YES;
				GCC_WARN_ABOUT_RETURN_TYPE = YES_ERROR;
				GCC_WARN_UNDECLARED_SELECTOR = YES;
				GCC_WARN_UNINITIALIZED_AUTOS = YES_AGGRESSIVE;
				GCC_WARN_UNUSED_FUNCTION = YES;
				GCC_WARN_UNUSED_VARIABLE = YES;
				IPHONEOS_DEPLOYMENT_TARGET = 17.0;
				LOCALIZATION_PREFERS_STRING_CATALOGS = YES;
				MTL_ENABLE_DEBUG_INFO = INCLUDE_SOURCE;
				MTL_FAST_MATH = YES;
				ONLY_ACTIVE_ARCH = YES;
				SDKROOT = iphoneos;
				SWIFT_ACTIVE_COMPILATION_CONDITIONS = "DEBUG $(inherited)";
				SWIFT_OPTIMIZATION_LEVEL = "-Onone";
			};
			name = Debug;
		};
		45328A252B5343B2008548DA /* Release */ = {
			isa = XCBuildConfiguration;
			buildSettings = {
				ALWAYS_SEARCH_USER_PATHS = NO;
				ASSETCATALOG_COMPILER_GENERATE_SWIFT_ASSET_SYMBOL_EXTENSIONS = YES;
				CLANG_ANALYZER_NONNULL = YES;
				CLANG_ANALYZER_NUMBER_OBJECT_CONVERSION = YES_AGGRESSIVE;
				CLANG_CXX_LANGUAGE_STANDARD = "gnu++20";
				CLANG_ENABLE_MODULES = YES;
				CLANG_ENABLE_OBJC_ARC = YES;
				CLANG_ENABLE_OBJC_WEAK = YES;
				CLANG_WARN_BLOCK_CAPTURE_AUTORELEASING = YES;
				CLANG_WARN_BOOL_CONVERSION = YES;
				CLANG_WARN_COMMA = YES;
				CLANG_WARN_CONSTANT_CONVERSION = YES;
				CLANG_WARN_DEPRECATED_OBJC_IMPLEMENTATIONS = YES;
				CLANG_WARN_DIRECT_OBJC_ISA_USAGE = YES_ERROR;
				CLANG_WARN_DOCUMENTATION_COMMENTS = YES;
				CLANG_WARN_EMPTY_BODY = YES;
				CLANG_WARN_ENUM_CONVERSION = YES;
				CLANG_WARN_INFINITE_RECURSION = YES;
				CLANG_WARN_INT_CONVERSION = YES;
				CLANG_WARN_NON_LITERAL_NULL_CONVERSION = YES;
				CLANG_WARN_OBJC_IMPLICIT_RETAIN_SELF = YES;
				CLANG_WARN_OBJC_LITERAL_CONVERSION = YES;
				CLANG_WARN_OBJC_ROOT_CLASS = YES_ERROR;
				CLANG_WARN_QUOTED_INCLUDE_IN_FRAMEWORK_HEADER = YES;
				CLANG_WARN_RANGE_LOOP_ANALYSIS = YES;
				CLANG_WARN_STRICT_PROTOTYPES = YES;
				CLANG_WARN_SUSPICIOUS_MOVE = YES;
				CLANG_WARN_UNGUARDED_AVAILABILITY = YES_AGGRESSIVE;
				CLANG_WARN_UNREACHABLE_CODE = YES;
				CLANG_WARN__DUPLICATE_METHOD_MATCH = YES;
				COPY_PHASE_STRIP = NO;
				DEBUG_INFORMATION_FORMAT = "dwarf-with-dsym";
				ENABLE_NS_ASSERTIONS = NO;
				ENABLE_STRICT_OBJC_MSGSEND = YES;
				ENABLE_USER_SCRIPT_SANDBOXING = YES;
				GCC_C_LANGUAGE_STANDARD = gnu17;
				GCC_NO_COMMON_BLOCKS = YES;
				GCC_WARN_64_TO_32_BIT_CONVERSION = YES;
				GCC_WARN_ABOUT_RETURN_TYPE = YES_ERROR;
				GCC_WARN_UNDECLARED_SELECTOR = YES;
				GCC_WARN_UNINITIALIZED_AUTOS = YES_AGGRESSIVE;
				GCC_WARN_UNUSED_FUNCTION = YES;
				GCC_WARN_UNUSED_VARIABLE = YES;
				IPHONEOS_DEPLOYMENT_TARGET = 17.0;
				LOCALIZATION_PREFERS_STRING_CATALOGS = YES;
				MTL_ENABLE_DEBUG_INFO = NO;
				MTL_FAST_MATH = YES;
				SDKROOT = iphoneos;
				SWIFT_COMPILATION_MODE = wholemodule;
				VALIDATE_PRODUCT = YES;
			};
			name = Release;
		};
		45328A272B5343B2008548DA /* Debug */ = {
			isa = XCBuildConfiguration;
			buildSettings = {
				ASSETCATALOG_COMPILER_APPICON_NAME = AppIcon;
				ASSETCATALOG_COMPILER_GLOBAL_ACCENT_COLOR_NAME = AccentColor;
				CODE_SIGN_STYLE = Automatic;
				CURRENT_PROJECT_VERSION = 1;
				DEVELOPMENT_ASSET_PATHS = "\"swiftApp/Preview Content\"";
				ENABLE_PREVIEWS = YES;
				GENERATE_INFOPLIST_FILE = YES;
				INFOPLIST_KEY_UIApplicationSceneManifest_Generation = YES;
				INFOPLIST_KEY_UIApplicationSupportsIndirectInputEvents = YES;
				INFOPLIST_KEY_UILaunchScreen_Generation = YES;
				INFOPLIST_KEY_UISupportedInterfaceOrientations_iPad = "UIInterfaceOrientationPortrait UIInterfaceOrientationPortraitUpsideDown UIInterfaceOrientationLandscapeLeft UIInterfaceOrientationLandscapeRight";
				INFOPLIST_KEY_UISupportedInterfaceOrientations_iPhone = "UIInterfaceOrientationPortrait UIInterfaceOrientationLandscapeLeft UIInterfaceOrientationLandscapeRight";
				LD_RUNPATH_SEARCH_PATHS = (
					"$(inherited)",
					"@executable_path/Frameworks",
				);
				MARKETING_VERSION = 1.0;
				PRODUCT_BUNDLE_IDENTIFIER = ferit.sibalickarlo.swiftApp;
				PRODUCT_NAME = "$(TARGET_NAME)";
				SWIFT_EMIT_LOC_STRINGS = YES;
				SWIFT_VERSION = 5.0;
				TARGETED_DEVICE_FAMILY = "1,2";
			};
			name = Debug;
		};
		45328A282B5343B2008548DA /* Release */ = {
			isa = XCBuildConfiguration;
			buildSettings = {
				ASSETCATALOG_COMPILER_APPICON_NAME = AppIcon;
				ASSETCATALOG_COMPILER_GLOBAL_ACCENT_COLOR_NAME = AccentColor;
				CODE_SIGN_STYLE = Automatic;
				CURRENT_PROJECT_VERSION = 1;
				DEVELOPMENT_ASSET_PATHS = "\"swiftApp/Preview Content\"";
				ENABLE_PREVIEWS = YES;
				GENERATE_INFOPLIST_FILE = YES;
				INFOPLIST_KEY_UIApplicationSceneManifest_Generation = YES;
				INFOPLIST_KEY_UIApplicationSupportsIndirectInputEvents = YES;
				INFOPLIST_KEY_UILaunchScreen_Generation = YES;
				INFOPLIST_KEY_UISupportedInterfaceOrientations_iPad = "UIInterfaceOrientationPortrait UIInterfaceOrientationPortraitUpsideDown UIInterfaceOrientationLandscapeLeft UIInterfaceOrientationLandscapeRight";
				INFOPLIST_KEY_UISupportedInterfaceOrientations_iPhone = "UIInterfaceOrientationPortrait UIInterfaceOrientationLandscapeLeft UIInterfaceOrientationLandscapeRight";
				LD_RUNPATH_SEARCH_PATHS = (
					"$(inherited)",
					"@executable_path/Frameworks",
				);
				MARKETING_VERSION = 1.0;
				PRODUCT_BUNDLE_IDENTIFIER = ferit.sibalickarlo.swiftApp;
				PRODUCT_NAME = "$(TARGET_NAME)";
				SWIFT_EMIT_LOC_STRINGS = YES;
				SWIFT_VERSION = 5.0;
				TARGETED_DEVICE_FAMILY = "1,2";
			};
			name = Release;
		};
		45328A2A2B5343B2008548DA /* Debug */ = {
			isa = XCBuildConfiguration;
			buildSettings = {
				ALWAYS_EMBED_SWIFT_STANDARD_LIBRARIES = YES;
				BUNDLE_LOADER = "$(TEST_HOST)";
				CODE_SIGN_STYLE = Automatic;
				CURRENT_PROJECT_VERSION = 1;
				GENERATE_INFOPLIST_FILE = YES;
				IPHONEOS_DEPLOYMENT_TARGET = 17.0;
				MARKETING_VERSION = 1.0;
				PRODUCT_BUNDLE_IDENTIFIER = ferit.sibalickarlo.swiftAppTests;
				PRODUCT_NAME = "$(TARGET_NAME)";
				SWIFT_EMIT_LOC_STRINGS = NO;
				SWIFT_VERSION = 5.0;
				TARGETED_DEVICE_FAMILY = "1,2";
				TEST_HOST = "$(BUILT_PRODUCTS_DIR)/swiftApp.app/$(BUNDLE_EXECUTABLE_FOLDER_PATH)/swiftApp";
			};
			name = Debug;
		};
		45328A2B2B5343B2008548DA /* Release */ = {
			isa = XCBuildConfiguration;
			buildSettings = {
				ALWAYS_EMBED_SWIFT_STANDARD_LIBRARIES = YES;
				BUNDLE_LOADER = "$(TEST_HOST)";
				CODE_SIGN_STYLE = Automatic;
				CURRENT_PROJECT_VERSION = 1;
				GENERATE_INFOPLIST_FILE = YES;
				IPHONEOS_DEPLOYMENT_TARGET = 17.0;
				MARKETING_VERSION = 1.0;
				PRODUCT_BUNDLE_IDENTIFIER = ferit.sibalickarlo.swiftAppTests;
				PRODUCT_NAME = "$(TARGET_NAME)";
				SWIFT_EMIT_LOC_STRINGS = NO;
				SWIFT_VERSION = 5.0;
				TARGETED_DEVICE_FAMILY = "1,2";
				TEST_HOST = "$(BUILT_PRODUCTS_DIR)/swiftApp.app/$(BUNDLE_EXECUTABLE_FOLDER_PATH)/swiftApp";
			};
			name = Release;
		};
		45328A2D2B5343B2008548DA /* Debug */ = {
			isa = XCBuildConfiguration;
			buildSettings = {
				ALWAYS_EMBED_SWIFT_STANDARD_LIBRARIES = YES;
				CODE_SIGN_STYLE = Automatic;
				CURRENT_PROJECT_VERSION = 1;
				GENERATE_INFOPLIST_FILE = YES;
				MARKETING_VERSION = 1.0;
				PRODUCT_BUNDLE_IDENTIFIER = ferit.sibalickarlo.swiftAppUITests;
				PRODUCT_NAME = "$(TARGET_NAME)";
				SWIFT_EMIT_LOC_STRINGS = NO;
				SWIFT_VERSION = 5.0;
				TARGETED_DEVICE_FAMILY = "1,2";
				TEST_TARGET_NAME = swiftApp;
			};
			name = Debug;
		};
		45328A2E2B5343B2008548DA /* Release */ = {
			isa = XCBuildConfiguration;
			buildSettings = {
				ALWAYS_EMBED_SWIFT_STANDARD_LIBRARIES = YES;
				CODE_SIGN_STYLE = Automatic;
				CURRENT_PROJECT_VERSION = 1;
				GENERATE_INFOPLIST_FILE = YES;
				MARKETING_VERSION = 1.0;
				PRODUCT_BUNDLE_IDENTIFIER = ferit.sibalickarlo.swiftAppUITests;
				PRODUCT_NAME = "$(TARGET_NAME)";
				SWIFT_EMIT_LOC_STRINGS = NO;
				SWIFT_VERSION = 5.0;
				TARGETED_DEVICE_FAMILY = "1,2";
				TEST_TARGET_NAME = swiftApp;
			};
			name = Release;
		};
/* End XCBuildConfiguration section */

/* Begin XCConfigurationList section */
		453289FD2B5343B0008548DA /* Build configuration list for PBXProject "swiftApp" */ = {
			isa = XCConfigurationList;
			buildConfigurations = (
				45328A242B5343B2008548DA /* Debug */,
				45328A252B5343B2008548DA /* Release */,
			);
			defaultConfigurationIsVisible = 0;
			defaultConfigurationName = Release;
		};
		45328A262B5343B2008548DA /* Build configuration list for PBXNativeTarget "swiftApp" */ = {
			isa = XCConfigurationList;
			buildConfigurations = (
				45328A272B5343B2008548DA /* Debug */,
				45328A282B5343B2008548DA /* Release */,
			);
			defaultConfigurationIsVisible = 0;
			defaultConfigurationName = Release;
		};
		45328A292B5343B2008548DA /* Build configuration list for PBXNativeTarget "swiftAppTests" */ = {
			isa = XCConfigurationList;
			buildConfigurations = (
				45328A2A2B5343B2008548DA /* Debug */,
				45328A2B2B5343B2008548DA /* Release */,
			);
			defaultConfigurationIsVisible = 0;
			defaultConfigurationName = Release;
		};
		45328A2C2B5343B2008548DA /* Build configuration list for PBXNativeTarget "swiftAppUITests" */ = {
			isa = XCConfigurationList;
			buildConfigurations = (
				45328A2D2B5343B2008548DA /* Debug */,
				45328A2E2B5343B2008548DA /* Release */,
			);
			defaultConfigurationIsVisible = 0;
			defaultConfigurationName = Release;
		};
/* End XCConfigurationList section */
	};
	rootObject = 453289FA2B5343B0008548DA /* Project object */;
}
